
Microsoft Visual Studio Solution File, Format Version 12.00
# Visual Studio 14
VisualStudioVersion = 14.0.25420.1
MinimumVisualStudioVersion = 10.0.40219.1
Project("{F184B08F-C81C-45F6-A57F-5ABD9991F28F}") = "Sudoku Solver", "Sudoku Solver\Sudoku Solver.vbproj", "{06761813-9BFB-4B97-BB86-8EA274004BB7}"
EndProject
Project("{2150E333-8FDC-42A3-9474-1A3956D46DE8}") = "Solution Items", "Solution Items", "{BADD5AB1-85DF-4570-94F7-9EACFE16DF37}"
EndProject
Global
	GlobalSection(SolutionConfigurationPlatforms) = preSolution
		Debug|Any CPU = Debug|Any CPU
		Release|Any CPU = Release|Any CPU
	EndGlobalSection
	GlobalSection(ProjectConfigurationPlatforms) = postSolution
		{06761813-9BFB-4B97-BB86-8EA274004BB7}.Debug|Any CPU.ActiveCfg = Debug|Any CPU
		{06761813-9BFB-4B97-BB86-8EA274004BB7}.Debug|Any CPU.Build.0 = Debug|Any CPU
		{06761813-9BFB-4B97-BB86-8EA274004BB7}.Release|Any CPU.ActiveCfg = Release|Any CPU
		{06761813-9BFB-4B97-BB86-8EA274004BB7}.Release|Any CPU.Build.0 = Release|Any CPU
	EndGlobalSection
	GlobalSection(SolutionProperties) = preSolution
		HideSolutionNode = FALSE
	EndGlobalSection
EndGlobal
